
Microsoft Visual Studio Solution File, Format Version 12.00
# Visual Studio Version 16
VisualStudioVersion = 16.0.31729.503
MinimumVisualStudioVersion = 10.0.40219.1
Project("{9A19103F-16F7-4668-BE54-9A1E7A4F7556}") = "Hepsiorada.Api", "Hepsiorada.Api\Hepsiorada.Api.csproj", "{4721FBDD-5757-4673-B6E5-061240955716}"
EndProject
Project("{9A19103F-16F7-4668-BE54-9A1E7A4F7556}") = "Hepsiorada.Application", "Hepsiorada.Application\Hepsiorada.Application.csproj", "{DCF15610-36CD-4BF3-8D4B-1BA859CA03F6}"
EndProject
Project("{9A19103F-16F7-4668-BE54-9A1E7A4F7556}") = "Hepsiorada.Domain", "Hepsiorada.Domain\Hepsiorada.Domain.csproj", "{338C8707-9B8B-4FC0-8974-A47400D5D57F}"
EndProject
Project("{9A19103F-16F7-4668-BE54-9A1E7A4F7556}") = "Hepsiorada.Infrastructure", "Hepsiorada.Infrastructure\Hepsiorada.Infrastructure.csproj", "{9E725F87-3856-4E30-BB42-B5089D6E053E}"
EndProject
Project("{E53339B2-1760-4266-BCC7-CA923CBCF16C}") = "docker-compose", "docker-compose.dcproj", "{A871D7AE-75BD-4743-BDE6-FC1803802DD9}"
EndProject
Global
	GlobalSection(SolutionConfigurationPlatforms) = preSolution
		Debug|Any CPU = Debug|Any CPU
		Release|Any CPU = Release|Any CPU
	EndGlobalSection
	GlobalSection(ProjectConfigurationPlatforms) = postSolution
		{4721FBDD-5757-4673-B6E5-061240955716}.Debug|Any CPU.ActiveCfg = Debug|Any CPU
		{4721FBDD-5757-4673-B6E5-061240955716}.Debug|Any CPU.Build.0 = Debug|Any CPU
		{4721FBDD-5757-4673-B6E5-061240955716}.Release|Any CPU.ActiveCfg = Release|Any CPU
		{4721FBDD-5757-4673-B6E5-061240955716}.Release|Any CPU.Build.0 = Release|Any CPU
		{DCF15610-36CD-4BF3-8D4B-1BA859CA03F6}.Debug|Any CPU.ActiveCfg = Debug|Any CPU
		{DCF15610-36CD-4BF3-8D4B-1BA859CA03F6}.Debug|Any CPU.Build.0 = Debug|Any CPU
		{DCF15610-36CD-4BF3-8D4B-1BA859CA03F6}.Release|Any CPU.ActiveCfg = Release|Any CPU
		{DCF15610-36CD-4BF3-8D4B-1BA859CA03F6}.Release|Any CPU.Build.0 = Release|Any CPU
		{338C8707-9B8B-4FC0-8974-A47400D5D57F}.Debug|Any CPU.ActiveCfg = Debug|Any CPU
		{338C8707-9B8B-4FC0-8974-A47400D5D57F}.Debug|Any CPU.Build.0 = Debug|Any CPU
		{338C8707-9B8B-4FC0-8974-A47400D5D57F}.Release|Any CPU.ActiveCfg = Release|Any CPU
		{338C8707-9B8B-4FC0-8974-A47400D5D57F}.Release|Any CPU.Build.0 = Release|Any CPU
		{9E725F87-3856-4E30-BB42-B5089D6E053E}.Debug|Any CPU.ActiveCfg = Debug|Any CPU
		{9E725F87-3856-4E30-BB42-B5089D6E053E}.Debug|Any CPU.Build.0 = Debug|Any CPU
		{9E725F87-3856-4E30-BB42-B5089D6E053E}.Release|Any CPU.ActiveCfg = Release|Any CPU
		{9E725F87-3856-4E30-BB42-B5089D6E053E}.Release|Any CPU.Build.0 = Release|Any CPU
		{A871D7AE-75BD-4743-BDE6-FC1803802DD9}.Debug|Any CPU.ActiveCfg = Debug|Any CPU
		{A871D7AE-75BD-4743-BDE6-FC1803802DD9}.Debug|Any CPU.Build.0 = Debug|Any CPU
		{A871D7AE-75BD-4743-BDE6-FC1803802DD9}.Release|Any CPU.ActiveCfg = Release|Any CPU
		{A871D7AE-75BD-4743-BDE6-FC1803802DD9}.Release|Any CPU.Build.0 = Release|Any CPU
	EndGlobalSection
	GlobalSection(SolutionProperties) = preSolution
		HideSolutionNode = FALSE
	EndGlobalSection
	GlobalSection(ExtensibilityGlobals) = postSolution
		SolutionGuid = {929772B6-5104-4E53-8D39-E7E3323320D5}
	EndGlobalSection
EndGlobal
